{
  "nodes": {
    "fenix": {
      "inputs": {
        "nixpkgs": [
          "nixpkgs"
        ],
        "rust-analyzer-src": "rust-analyzer-src"
      },
      "locked": {
        "lastModified": 1720074497,
        "narHash": "sha256-sVef4TBLxzzm0rGUF/7YGhDtqZt9heXtSXVv7Q07W80=",
        "owner": "nix-community",
        "repo": "fenix",
        "rev": "10a39229bce0788322200b6ff1a59f37d22e9ff7",
        "type": "github"
      },
      "original": {
        "owner": "nix-community",
        "repo": "fenix",
        "type": "github"
      }
    },
    "flake-parts": {
      "inputs": {
        "nixpkgs-lib": "nixpkgs-lib"
      },
      "locked": {
        "lastModified": 1719994518,
        "narHash": "sha256-pQMhCCHyQGRzdfAkdJ4cIWiw+JNuWsTX7f0ZYSyz0VY=",
        "owner": "hercules-ci",
        "repo": "flake-parts",
        "rev": "9227223f6d922fee3c7b190b2cc238a99527bbb7",
        "type": "github"
      },
      "original": {
        "owner": "hercules-ci",
        "repo": "flake-parts",
        "type": "github"
      }
    },
    "nixpkgs": {
      "locked": {
        "lastModified": 1720126108,
        "narHash": "sha256-l85wfbfYKBtGxdNMFZex2Wo5o10VTrO7g5C0wkVxFl8=",
        "owner": "NixOS",
        "repo": "nixpkgs",
        "rev": "8cb786adbe12b826a96e7c2c2de0a8c1638d9d22",
        "type": "github"
      },
      "original": {
        "owner": "NixOS",
        "repo": "nixpkgs",
        "type": "github"
      }
    },
    "nixpkgs-lib": {
      "locked": {
        "lastModified": 1719876945,
        "narHash": "sha256-Fm2rDDs86sHy0/1jxTOKB1118Q0O3Uc7EC0iXvXKpbI=",
        "type": "tarball",
        "url": "https://github.com/NixOS/nixpkgs/archive/5daf0514482af3f97abaefc78a6606365c9108e2.tar.gz"
      },
      "original": {
        "type": "tarball",
        "url": "https://github.com/NixOS/nixpkgs/archive/5daf0514482af3f97abaefc78a6606365c9108e2.tar.gz"
      }
    },
    "root": {
      "inputs": {
        "fenix": "fenix",
        "flake-parts": "flake-parts",
        "nixpkgs": "nixpkgs",
        "rust-overlay": "rust-overlay"
      }
    },
    "rust-analyzer-src": {
      "flake": false,
      "locked": {
        "lastModified": 1719997308,
        "narHash": "sha256-dQx1p/2ObV+iDriPWTBvELCwxe9ZbOimKTJKE3MA2FQ=",
        "owner": "rust-lang",
        "repo": "rust-analyzer",
        "rev": "cae997e3380363a906588f14c7b4587f39cf09f5",
        "type": "github"
      },
      "original": {
        "owner": "rust-lang",
        "ref": "nightly",
        "repo": "rust-analyzer",
        "type": "github"
      }
    },
    "rust-overlay": {
      "inputs": {
        "nixpkgs": [
          "nixpkgs"
        ]
      },
      "locked": {
        "lastModified": 1720059535,
        "narHash": "sha256-h/O3PoV3KvQG4tC5UpANBZOsptAZCzEGiwyi+3oSpYc=",
        "owner": "oxalica",
        "repo": "rust-overlay",
        "rev": "8deeed2dfa21837c7792b46b6a9b2e73f97b472b",
        "type": "github"
      },
      "original": {
        "owner": "oxalica",
        "repo": "rust-overlay",
        "type": "github"
      }
    }
  },
  "root": "root",
  "version": 7
}
